
Microsoft Visual Studio Solution File, Format Version 12.00
# Visual Studio Version 17
VisualStudioVersion = 17.10.35013.160
MinimumVisualStudioVersion = 10.0.40219.1
Project("{FAE04EC0-301F-11D3-BF4B-00C04F79EFBC}") = "RabbitSimple", "RabbitSimple.csproj", "{D4F94F28-B36B-499C-A5C1-6ED269A78755}"
EndProject
Global
	GlobalSection(SolutionConfigurationPlatforms) = preSolution
		Debug|Any CPU = Debug|Any CPU
		Release|Any CPU = Release|Any CPU
	EndGlobalSection
	GlobalSection(ProjectConfigurationPlatforms) = postSolution
		{D4F94F28-B36B-499C-A5C1-6ED269A78755}.Debug|Any CPU.ActiveCfg = Debug|Any CPU
		{D4F94F28-B36B-499C-A5C1-6ED269A78755}.Debug|Any CPU.Build.0 = Debug|Any CPU
		{D4F94F28-B36B-499C-A5C1-6ED269A78755}.Release|Any CPU.ActiveCfg = Release|Any CPU
		{D4F94F28-B36B-499C-A5C1-6ED269A78755}.Release|Any CPU.Build.0 = Release|Any CPU
	EndGlobalSection
	GlobalSection(SolutionProperties) = preSolution
		HideSolutionNode = FALSE
	EndGlobalSection
	GlobalSection(ExtensibilityGlobals) = postSolution
		SolutionGuid = {A5105052-64C0-46CB-B951-1645140A55C2}
	EndGlobalSection
EndGlobal
